
Microsoft Visual Studio Solution File, Format Version 12.00
# Visual Studio 15
VisualStudioVersion = 15.0.27428.2015
MinimumVisualStudioVersion = 10.0.40219.1
Project("{FAE04EC0-301F-11D3-BF4B-00C04F79EFBC}") = "whatever", "whatever\whatever.csproj", "{2A92638B-2831-4D1D-ACA0-93D9B5EAFFF2}"
EndProject
Global
	GlobalSection(SolutionConfigurationPlatforms) = preSolution
		Debug|Any CPU = Debug|Any CPU
		Release|Any CPU = Release|Any CPU
	EndGlobalSection
	GlobalSection(ProjectConfigurationPlatforms) = postSolution
		{2A92638B-2831-4D1D-ACA0-93D9B5EAFFF2}.Debug|Any CPU.ActiveCfg = Debug|Any CPU
		{2A92638B-2831-4D1D-ACA0-93D9B5EAFFF2}.Debug|Any CPU.Build.0 = Debug|Any CPU
		{2A92638B-2831-4D1D-ACA0-93D9B5EAFFF2}.Release|Any CPU.ActiveCfg = Release|Any CPU
		{2A92638B-2831-4D1D-ACA0-93D9B5EAFFF2}.Release|Any CPU.Build.0 = Release|Any CPU
	EndGlobalSection
	GlobalSection(SolutionProperties) = preSolution
		HideSolutionNode = FALSE
	EndGlobalSection
	GlobalSection(ExtensibilityGlobals) = postSolution
		SolutionGuid = {B8A4EAFB-FE31-4D8B-BBBA-962F68719BDF}
	EndGlobalSection
EndGlobal
